
Microsoft Visual Studio Solution File, Format Version 12.00
# Visual Studio Version 16
VisualStudioVersion = 25.0.1706.4
MinimumVisualStudioVersion = 10.0.40219.1
Project("{FAE04EC0-301F-11D3-BF4B-00C04F79EFBC}") = "EZTemplate", "EZTemplate\EZTemplate.csproj", "{F118956A-2C57-4129-9F99-00BE15E5ECDD}"
EndProject
Project("{FAE04EC0-301F-11D3-BF4B-00C04F79EFBC}") = "EZAppMaker", "..\EZAppMaker\EZAppMaker\EZAppMaker.csproj", "{528F5734-659F-4923-8069-EA2878B6C22F}"
EndProject
Project("{FAE04EC0-301F-11D3-BF4B-00C04F79EFBC}") = "EZForms", "..\EZForms\EZForms\EZForms.csproj", "{858BDA7B-E8C9-4E31-9498-9BD56B280318}"
EndProject
Global
	GlobalSection(SolutionConfigurationPlatforms) = preSolution
		Debug|Any CPU = Debug|Any CPU
		Release|Any CPU = Release|Any CPU
	EndGlobalSection
	GlobalSection(ProjectConfigurationPlatforms) = postSolution
		{F118956A-2C57-4129-9F99-00BE15E5ECDD}.Debug|Any CPU.ActiveCfg = Debug|Any CPU
		{F118956A-2C57-4129-9F99-00BE15E5ECDD}.Debug|Any CPU.Build.0 = Debug|Any CPU
		{F118956A-2C57-4129-9F99-00BE15E5ECDD}.Release|Any CPU.ActiveCfg = Release|Any CPU
		{F118956A-2C57-4129-9F99-00BE15E5ECDD}.Release|Any CPU.Build.0 = Release|Any CPU
		{528F5734-659F-4923-8069-EA2878B6C22F}.Debug|Any CPU.ActiveCfg = Debug|Any CPU
		{528F5734-659F-4923-8069-EA2878B6C22F}.Debug|Any CPU.Build.0 = Debug|Any CPU
		{528F5734-659F-4923-8069-EA2878B6C22F}.Release|Any CPU.ActiveCfg = Release|Any CPU
		{528F5734-659F-4923-8069-EA2878B6C22F}.Release|Any CPU.Build.0 = Release|Any CPU
		{858BDA7B-E8C9-4E31-9498-9BD56B280318}.Debug|Any CPU.ActiveCfg = Debug|Any CPU
		{858BDA7B-E8C9-4E31-9498-9BD56B280318}.Debug|Any CPU.Build.0 = Debug|Any CPU
		{858BDA7B-E8C9-4E31-9498-9BD56B280318}.Release|Any CPU.ActiveCfg = Release|Any CPU
		{858BDA7B-E8C9-4E31-9498-9BD56B280318}.Release|Any CPU.Build.0 = Release|Any CPU
	EndGlobalSection
	GlobalSection(SolutionProperties) = preSolution
		HideSolutionNode = FALSE
	EndGlobalSection
	GlobalSection(ExtensibilityGlobals) = postSolution
		SolutionGuid = {91B51559-3B24-4C48-B471-B5585DCF3DEA}
	EndGlobalSection
EndGlobal
